// !$*UTF8*$!
{
	archiveVersion = 1;
	classes = {
	};
	objectVersion = 56;
	objects = {

/* Begin PBXBuildFile section */
		529442842BCC1BA7007FA582 /* AppDelegate.swift in Sources */ = {isa = PBXBuildFile; fileRef = 529442832BCC1BA7007FA582 /* AppDelegate.swift */; };
		529442862BCC1BA7007FA582 /* SceneDelegate.swift in Sources */ = {isa = PBXBuildFile; fileRef = 529442852BCC1BA7007FA582 /* SceneDelegate.swift */; };
		529442882BCC1BA7007FA582 /* OnBoarding.swift in Sources */ = {isa = PBXBuildFile; fileRef = 529442872BCC1BA7007FA582 /* OnBoarding.swift */; };
		5294428D2BCC1BAE007FA582 /* Assets.xcassets in Resources */ = {isa = PBXBuildFile; fileRef = 5294428C2BCC1BAE007FA582 /* Assets.xcassets */; };
		529442902BCC1BAE007FA582 /* Base in Resources */ = {isa = PBXBuildFile; fileRef = 5294428F2BCC1BAE007FA582 /* Base */; };
		529442982BCC1C7F007FA582 /* SplashScreen.swift in Sources */ = {isa = PBXBuildFile; fileRef = 529442972BCC1C7F007FA582 /* SplashScreen.swift */; };
		5294429A2BCC283C007FA582 /* MainScreen.swift in Sources */ = {isa = PBXBuildFile; fileRef = 529442992BCC283C007FA582 /* MainScreen.swift */; };
		5294429C2BCC2F53007FA582 /* ReportData.swift in Sources */ = {isa = PBXBuildFile; fileRef = 5294429B2BCC2F53007FA582 /* ReportData.swift */; };
		529442A02BCC3B11007FA582 /* customCell.swift in Sources */ = {isa = PBXBuildFile; fileRef = 5294429F2BCC3B11007FA582 /* customCell.swift */; };
		529442A42BCC6CAF007FA582 /* SecondScreen.swift in Sources */ = {isa = PBXBuildFile; fileRef = 529442A32BCC6CAF007FA582 /* SecondScreen.swift */; };
/* End PBXBuildFile section */

/* Begin PBXFileReference section */
		529442802BCC1BA7007FA582 /* lecture17.app */ = {isa = PBXFileReference; explicitFileType = wrapper.application; includeInIndex = 0; path = lecture17.app; sourceTree = BUILT_PRODUCTS_DIR; };
		529442832BCC1BA7007FA582 /* AppDelegate.swift */ = {isa = PBXFileReference; lastKnownFileType = sourcecode.swift; path = AppDelegate.swift; sourceTree = "<group>"; };
		529442852BCC1BA7007FA582 /* SceneDelegate.swift */ = {isa = PBXFileReference; lastKnownFileType = sourcecode.swift; path = SceneDelegate.swift; sourceTree = "<group>"; };
		529442872BCC1BA7007FA582 /* OnBoarding.swift */ = {isa = PBXFileReference; lastKnownFileType = sourcecode.swift; path = OnBoarding.swift; sourceTree = "<group>"; };
		5294428C2BCC1BAE007FA582 /* Assets.xcassets */ = {isa = PBXFileReference; lastKnownFileType = folder.assetcatalog; path = Assets.xcassets; sourceTree = "<group>"; };
		5294428F2BCC1BAE007FA582 /* Base */ = {isa = PBXFileReference; lastKnownFileType = file.storyboard; name = Base; path = Base.lproj/LaunchScreen.storyboard; sourceTree = "<group>"; };
		529442912BCC1BAE007FA582 /* Info.plist */ = {isa = PBXFileReference; lastKnownFileType = text.plist.xml; path = Info.plist; sourceTree = "<group>"; };
		529442972BCC1C7F007FA582 /* SplashScreen.swift */ = {isa = PBXFileReference; lastKnownFileType = sourcecode.swift; path = SplashScreen.swift; sourceTree = "<group>"; };
		529442992BCC283C007FA582 /* MainScreen.swift */ = {isa = PBXFileReference; lastKnownFileType = sourcecode.swift; path = MainScreen.swift; sourceTree = "<group>"; };
		5294429B2BCC2F53007FA582 /* ReportData.swift */ = {isa = PBXFileReference; lastKnownFileType = sourcecode.swift; path = ReportData.swift; sourceTree = "<group>"; };
		5294429F2BCC3B11007FA582 /* customCell.swift */ = {isa = PBXFileReference; lastKnownFileType = sourcecode.swift; path = customCell.swift; sourceTree = "<group>"; };
		529442A32BCC6CAF007FA582 /* SecondScreen.swift */ = {isa = PBXFileReference; lastKnownFileType = sourcecode.swift; path = SecondScreen.swift; sourceTree = "<group>"; };
/* End PBXFileReference section */

/* Begin PBXFrameworksBuildPhase section */
		5294427D2BCC1BA7007FA582 /* Frameworks */ = {
			isa = PBXFrameworksBuildPhase;
			buildActionMask = 2147483647;
			files = (
			);
			runOnlyForDeploymentPostprocessing = 0;
		};
/* End PBXFrameworksBuildPhase section */

/* Begin PBXGroup section */
		529442772BCC1BA7007FA582 = {
			isa = PBXGroup;
			children = (
				529442822BCC1BA7007FA582 /* lecture17 */,
				529442812BCC1BA7007FA582 /* Products */,
			);
			sourceTree = "<group>";
		};
		529442812BCC1BA7007FA582 /* Products */ = {
			isa = PBXGroup;
			children = (
				529442802BCC1BA7007FA582 /* lecture17.app */,
			);
			name = Products;
			sourceTree = "<group>";
		};
		529442822BCC1BA7007FA582 /* lecture17 */ = {
			isa = PBXGroup;
			children = (
				529442832BCC1BA7007FA582 /* AppDelegate.swift */,
				529442852BCC1BA7007FA582 /* SceneDelegate.swift */,
				529442972BCC1C7F007FA582 /* SplashScreen.swift */,
				529442872BCC1BA7007FA582 /* OnBoarding.swift */,
				529442992BCC283C007FA582 /* MainScreen.swift */,
				529442A32BCC6CAF007FA582 /* SecondScreen.swift */,
				5294429F2BCC3B11007FA582 /* customCell.swift */,
				5294429B2BCC2F53007FA582 /* ReportData.swift */,
				5294428C2BCC1BAE007FA582 /* Assets.xcassets */,
				5294428E2BCC1BAE007FA582 /* LaunchScreen.storyboard */,
				529442912BCC1BAE007FA582 /* Info.plist */,
			);
			path = lecture17;
			sourceTree = "<group>";
		};
/* End PBXGroup section */

/* Begin PBXNativeTarget section */
		5294427F2BCC1BA7007FA582 /* lecture17 */ = {
			isa = PBXNativeTarget;
			buildConfigurationList = 529442942BCC1BAE007FA582 /* Build configuration list for PBXNativeTarget "lecture17" */;
			buildPhases = (
				5294427C2BCC1BA7007FA582 /* Sources */,
				5294427D2BCC1BA7007FA582 /* Frameworks */,
				5294427E2BCC1BA7007FA582 /* Resources */,
			);
			buildRules = (
			);
			dependencies = (
			);
			name = lecture17;
			productName = lecture17;
			productReference = 529442802BCC1BA7007FA582 /* lecture17.app */;
			productType = "com.apple.product-type.application";
		};
/* End PBXNativeTarget section */

/* Begin PBXProject section */
		529442782BCC1BA7007FA582 /* Project object */ = {
			isa = PBXProject;
			attributes = {
				BuildIndependentTargetsInParallel = 1;
				LastSwiftUpdateCheck = 1530;
				LastUpgradeCheck = 1530;
				TargetAttributes = {
					5294427F2BCC1BA7007FA582 = {
						CreatedOnToolsVersion = 15.3;
					};
				};
			};
			buildConfigurationList = 5294427B2BCC1BA7007FA582 /* Build configuration list for PBXProject "lecture17" */;
			compatibilityVersion = "Xcode 14.0";
			developmentRegion = en;
			hasScannedForEncodings = 0;
			knownRegions = (
				en,
				Base,
			);
			mainGroup = 529442772BCC1BA7007FA582;
			productRefGroup = 529442812BCC1BA7007FA582 /* Products */;
			projectDirPath = "";
			projectRoot = "";
			targets = (
				5294427F2BCC1BA7007FA582 /* lecture17 */,
			);
		};
/* End PBXProject section */

/* Begin PBXResourcesBuildPhase section */
		5294427E2BCC1BA7007FA582 /* Resources */ = {
			isa = PBXResourcesBuildPhase;
			buildActionMask = 2147483647;
			files = (
				5294428D2BCC1BAE007FA582 /* Assets.xcassets in Resources */,
				529442902BCC1BAE007FA582 /* Base in Resources */,
			);
			runOnlyForDeploymentPostprocessing = 0;
		};
/* End PBXResourcesBuildPhase section */

/* Begin PBXSourcesBuildPhase section */
		5294427C2BCC1BA7007FA582 /* Sources */ = {
			isa = PBXSourcesBuildPhase;
			buildActionMask = 2147483647;
			files = (
				529442982BCC1C7F007FA582 /* SplashScreen.swift in Sources */,
				529442882BCC1BA7007FA582 /* OnBoarding.swift in Sources */,
				529442842BCC1BA7007FA582 /* AppDelegate.swift in Sources */,
				5294429A2BCC283C007FA582 /* MainScreen.swift in Sources */,
				529442862BCC1BA7007FA582 /* SceneDelegate.swift in Sources */,
				529442A02BCC3B11007FA582 /* customCell.swift in Sources */,
				5294429C2BCC2F53007FA582 /* ReportData.swift in Sources */,
				529442A42BCC6CAF007FA582 /* SecondScreen.swift in Sources */,
			);
			runOnlyForDeploymentPostprocessing = 0;
		};
/* End PBXSourcesBuildPhase section */

/* Begin PBXVariantGroup section */
		5294428E2BCC1BAE007FA582 /* LaunchScreen.storyboard */ = {
			isa = PBXVariantGroup;
			children = (
				5294428F2BCC1BAE007FA582 /* Base */,
			);
			name = LaunchScreen.storyboard;
			sourceTree = "<group>";
		};
/* End PBXVariantGroup section */

/* Begin XCBuildConfiguration section */
		529442922BCC1BAE007FA582 /* Debug */ = {
			isa = XCBuildConfiguration;
			buildSettings = {
				ALWAYS_SEARCH_USER_PATHS = NO;
				ASSETCATALOG_COMPILER_GENERATE_SWIFT_ASSET_SYMBOL_EXTENSIONS = YES;
				CLANG_ANALYZER_NONNULL = YES;
				CLANG_ANALYZER_NUMBER_OBJECT_CONVERSION = YES_AGGRESSIVE;
				CLANG_CXX_LANGUAGE_STANDARD = "gnu++20";
				CLANG_ENABLE_MODULES = YES;
				CLANG_ENABLE_OBJC_ARC = YES;
				CLANG_ENABLE_OBJC_WEAK = YES;
				CLANG_WARN_BLOCK_CAPTURE_AUTORELEASING = YES;
				CLANG_WARN_BOOL_CONVERSION = YES;
				CLANG_WARN_COMMA = YES;
				CLANG_WARN_CONSTANT_CONVERSION = YES;
				CLANG_WARN_DEPRECATED_OBJC_IMPLEMENTATIONS = YES;
				CLANG_WARN_DIRECT_OBJC_ISA_USAGE = YES_ERROR;
				CLANG_WARN_DOCUMENTATION_COMMENTS = YES;
				CLANG_WARN_EMPTY_BODY = YES;
				CLANG_WARN_ENUM_CONVERSION = YES;
				CLANG_WARN_INFINITE_RECURSION = YES;
				CLANG_WARN_INT_CONVERSION = YES;
				CLANG_WARN_NON_LITERAL_NULL_CONVERSION = YES;
				CLANG_WARN_OBJC_IMPLICIT_RETAIN_SELF = YES;
				CLANG_WARN_OBJC_LITERAL_CONVERSION = YES;
				CLANG_WARN_OBJC_ROOT_CLASS = YES_ERROR;
				CLANG_WARN_QUOTED_INCLUDE_IN_FRAMEWORK_HEADER = YES;
				CLANG_WARN_RANGE_LOOP_ANALYSIS = YES;
				CLANG_WARN_STRICT_PROTOTYPES = YES;
				CLANG_WARN_SUSPICIOUS_MOVE = YES;
				CLANG_WARN_UNGUARDED_AVAILABILITY = YES_AGGRESSIVE;
				CLANG_WARN_UNREACHABLE_CODE = YES;
				CLANG_WARN__DUPLICATE_METHOD_MATCH = YES;
				COPY_PHASE_STRIP = NO;
				DEBUG_INFORMATION_FORMAT = dwarf;
				ENABLE_STRICT_OBJC_MSGSEND = YES;
				ENABLE_TESTABILITY = YES;
				ENABLE_USER_SCRIPT_SANDBOXING = YES;
				GCC_C_LANGUAGE_STANDARD = gnu17;
				GCC_DYNAMIC_NO_PIC = NO;
				GCC_NO_COMMON_BLOCKS = YES;
				GCC_OPTIMIZATION_LEVEL = 0;
				GCC_PREPROCESSOR_DEFINITIONS = (
					"DEBUG=1",
					"$(inherited)",
				);
				GCC_WARN_64_TO_32_BIT_CONVERSION = YES;
				GCC_WARN_ABOUT_RETURN_TYPE = YES_ERROR;
				GCC_WARN_UNDECLARED_SELECTOR = YES;
				GCC_WARN_UNINITIALIZED_AUTOS = YES_AGGRESSIVE;
				GCC_WARN_UNUSED_FUNCTION = YES;
				GCC_WARN_UNUSED_VARIABLE = YES;
				IPHONEOS_DEPLOYMENT_TARGET = 17.4;
				LOCALIZATION_PREFERS_STRING_CATALOGS = YES;
				MTL_ENABLE_DEBUG_INFO = INCLUDE_SOURCE;
				MTL_FAST_MATH = YES;
				ONLY_ACTIVE_ARCH = YES;
				SDKROOT = iphoneos;
				SWIFT_ACTIVE_COMPILATION_CONDITIONS = "DEBUG $(inherited)";
				SWIFT_OPTIMIZATION_LEVEL = "-Onone";
			};
			name = Debug;
		};
		529442932BCC1BAE007FA582 /* Release */ = {
			isa = XCBuildConfiguration;
			buildSettings = {
				ALWAYS_SEARCH_USER_PATHS = NO;
				ASSETCATALOG_COMPILER_GENERATE_SWIFT_ASSET_SYMBOL_EXTENSIONS = YES;
				CLANG_ANALYZER_NONNULL = YES;
				CLANG_ANALYZER_NUMBER_OBJECT_CONVERSION = YES_AGGRESSIVE;
				CLANG_CXX_LANGUAGE_STANDARD = "gnu++20";
				CLANG_ENABLE_MODULES = YES;
				CLANG_ENABLE_OBJC_ARC = YES;
				CLANG_ENABLE_OBJC_WEAK = YES;
				CLANG_WARN_BLOCK_CAPTURE_AUTORELEASING = YES;
				CLANG_WARN_BOOL_CONVERSION = YES;
				CLANG_WARN_COMMA = YES;
				CLANG_WARN_CONSTANT_CONVERSION = YES;
				CLANG_WARN_DEPRECATED_OBJC_IMPLEMENTATIONS = YES;
				CLANG_WARN_DIRECT_OBJC_ISA_USAGE = YES_ERROR;
				CLANG_WARN_DOCUMENTATION_COMMENTS = YES;
				CLANG_WARN_EMPTY_BODY = YES;
				CLANG_WARN_ENUM_CONVERSION = YES;
				CLANG_WARN_INFINITE_RECURSION = YES;
				CLANG_WARN_INT_CONVERSION = YES;
				CLANG_WARN_NON_LITERAL_NULL_CONVERSION = YES;
				CLANG_WARN_OBJC_IMPLICIT_RETAIN_SELF = YES;
				CLANG_WARN_OBJC_LITERAL_CONVERSION = YES;
				CLANG_WARN_OBJC_ROOT_CLASS = YES_ERROR;
				CLANG_WARN_QUOTED_INCLUDE_IN_FRAMEWORK_HEADER = YES;
				CLANG_WARN_RANGE_LOOP_ANALYSIS = YES;
				CLANG_WARN_STRICT_PROTOTYPES = YES;
				CLANG_WARN_SUSPICIOUS_MOVE = YES;
				CLANG_WARN_UNGUARDED_AVAILABILITY = YES_AGGRESSIVE;
				CLANG_WARN_UNREACHABLE_CODE = YES;
				CLANG_WARN__DUPLICATE_METHOD_MATCH = YES;
				COPY_PHASE_STRIP = NO;
				DEBUG_INFORMATION_FORMAT = "dwarf-with-dsym";
				ENABLE_NS_ASSERTIONS = NO;
				ENABLE_STRICT_OBJC_MSGSEND = YES;
				ENABLE_USER_SCRIPT_SANDBOXING = YES;
				GCC_C_LANGUAGE_STANDARD = gnu17;
				GCC_NO_COMMON_BLOCKS = YES;
				GCC_WARN_64_TO_32_BIT_CONVERSION = YES;
				GCC_WARN_ABOUT_RETURN_TYPE = YES_ERROR;
				GCC_WARN_UNDECLARED_SELECTOR = YES;
				GCC_WARN_UNINITIALIZED_AUTOS = YES_AGGRESSIVE;
				GCC_WARN_UNUSED_FUNCTION = YES;
				GCC_WARN_UNUSED_VARIABLE = YES;
				IPHONEOS_DEPLOYMENT_TARGET = 17.4;
				LOCALIZATION_PREFERS_STRING_CATALOGS = YES;
				MTL_ENABLE_DEBUG_INFO = NO;
				MTL_FAST_MATH = YES;
				SDKROOT = iphoneos;
				SWIFT_COMPILATION_MODE = wholemodule;
				VALIDATE_PRODUCT = YES;
			};
			name = Release;
		};
		529442952BCC1BAE007FA582 /* Debug */ = {
			isa = XCBuildConfiguration;
			buildSettings = {
				ASSETCATALOG_COMPILER_APPICON_NAME = AppIcon;
				ASSETCATALOG_COMPILER_GLOBAL_ACCENT_COLOR_NAME = AccentColor;
				CODE_SIGN_STYLE = Automatic;
				CURRENT_PROJECT_VERSION = 1;
				GENERATE_INFOPLIST_FILE = YES;
				INFOPLIST_FILE = lecture17/Info.plist;
				INFOPLIST_KEY_UIApplicationSupportsIndirectInputEvents = YES;
				INFOPLIST_KEY_UILaunchStoryboardName = LaunchScreen;
				INFOPLIST_KEY_UISupportedInterfaceOrientations_iPad = "UIInterfaceOrientationPortrait UIInterfaceOrientationPortraitUpsideDown UIInterfaceOrientationLandscapeLeft UIInterfaceOrientationLandscapeRight";
				INFOPLIST_KEY_UISupportedInterfaceOrientations_iPhone = "UIInterfaceOrientationPortrait UIInterfaceOrientationLandscapeLeft UIInterfaceOrientationLandscapeRight";
				LD_RUNPATH_SEARCH_PATHS = (
					"$(inherited)",
					"@executable_path/Frameworks",
				);
				MARKETING_VERSION = 1.0;
				PRODUCT_BUNDLE_IDENTIFIER = ge.TBCacademy.lecture17;
				PRODUCT_NAME = "$(TARGET_NAME)";
				SWIFT_EMIT_LOC_STRINGS = YES;
				SWIFT_VERSION = 5.0;
				TARGETED_DEVICE_FAMILY = "1,2";
			};
			name = Debug;
		};
		529442962BCC1BAE007FA582 /* Release */ = {
			isa = XCBuildConfiguration;
			buildSettings = {
				ASSETCATALOG_COMPILER_APPICON_NAME = AppIcon;
				ASSETCATALOG_COMPILER_GLOBAL_ACCENT_COLOR_NAME = AccentColor;
				CODE_SIGN_STYLE = Automatic;
				CURRENT_PROJECT_VERSION = 1;
				GENERATE_INFOPLIST_FILE = YES;
				INFOPLIST_FILE = lecture17/Info.plist;
				INFOPLIST_KEY_UIApplicationSupportsIndirectInputEvents = YES;
				INFOPLIST_KEY_UILaunchStoryboardName = LaunchScreen;
				INFOPLIST_KEY_UISupportedInterfaceOrientations_iPad = "UIInterfaceOrientationPortrait UIInterfaceOrientationPortraitUpsideDown UIInterfaceOrientationLandscapeLeft UIInterfaceOrientationLandscapeRight";
				INFOPLIST_KEY_UISupportedInterfaceOrientations_iPhone = "UIInterfaceOrientationPortrait UIInterfaceOrientationLandscapeLeft UIInterfaceOrientationLandscapeRight";
				LD_RUNPATH_SEARCH_PATHS = (
					"$(inherited)",
					"@executable_path/Frameworks",
				);
				MARKETING_VERSION = 1.0;
				PRODUCT_BUNDLE_IDENTIFIER = ge.TBCacademy.lecture17;
				PRODUCT_NAME = "$(TARGET_NAME)";
				SWIFT_EMIT_LOC_STRINGS = YES;
				SWIFT_VERSION = 5.0;
				TARGETED_DEVICE_FAMILY = "1,2";
			};
			name = Release;
		};
/* End XCBuildConfiguration section */

/* Begin XCConfigurationList section */
		5294427B2BCC1BA7007FA582 /* Build configuration list for PBXProject "lecture17" */ = {
			isa = XCConfigurationList;
			buildConfigurations = (
				529442922BCC1BAE007FA582 /* Debug */,
				529442932BCC1BAE007FA582 /* Release */,
			);
			defaultConfigurationIsVisible = 0;
			defaultConfigurationName = Release;
		};
		529442942BCC1BAE007FA582 /* Build configuration list for PBXNativeTarget "lecture17" */ = {
			isa = XCConfigurationList;
			buildConfigurations = (
				529442952BCC1BAE007FA582 /* Debug */,
				529442962BCC1BAE007FA582 /* Release */,
			);
			defaultConfigurationIsVisible = 0;
			defaultConfigurationName = Release;
		};
/* End XCConfigurationList section */
	};
	rootObject = 529442782BCC1BA7007FA582 /* Project object */;
}
